
Microsoft Visual Studio Solution File, Format Version 12.00
# Visual Studio 14
VisualStudioVersion = 14.0.24720.0
MinimumVisualStudioVersion = 10.0.40219.1
Project("{FAE04EC0-301F-11D3-BF4B-00C04F79EFBC}") = "Snake 2D", "Snake 2D\Snake 2D.csproj", "{FD4CF648-3E71-43C7-A131-D321AE37DE0D}"
EndProject
Project("{54435603-DBB4-11D2-8724-00A0C9A8B90C}") = "Setup", "Setup\Setup.vdproj", "{82B03318-FD30-4622-BCE1-5C01E21EE3C5}"
EndProject
Project("{6141683F-8A12-4E36-9623-2EB02B2C2303}") = "ShieldSetup", "ShieldSetup\ShieldSetup.isproj", "{E51DF972-F1BA-46BC-882D-219DE257D204}"
EndProject
Global
	GlobalSection(SolutionConfigurationPlatforms) = preSolution
		CD_ROM|Any CPU = CD_ROM|Any CPU
		Debug|Any CPU = Debug|Any CPU
		DVD-5|Any CPU = DVD-5|Any CPU
		Release|Any CPU = Release|Any CPU
		SingleImage|Any CPU = SingleImage|Any CPU
	EndGlobalSection
	GlobalSection(ProjectConfigurationPlatforms) = postSolution
		{FD4CF648-3E71-43C7-A131-D321AE37DE0D}.CD_ROM|Any CPU.ActiveCfg = Release|Any CPU
		{FD4CF648-3E71-43C7-A131-D321AE37DE0D}.CD_ROM|Any CPU.Build.0 = Release|Any CPU
		{FD4CF648-3E71-43C7-A131-D321AE37DE0D}.Debug|Any CPU.ActiveCfg = Debug|Any CPU
		{FD4CF648-3E71-43C7-A131-D321AE37DE0D}.Debug|Any CPU.Build.0 = Debug|Any CPU
		{FD4CF648-3E71-43C7-A131-D321AE37DE0D}.DVD-5|Any CPU.ActiveCfg = Debug|Any CPU
		{FD4CF648-3E71-43C7-A131-D321AE37DE0D}.DVD-5|Any CPU.Build.0 = Debug|Any CPU
		{FD4CF648-3E71-43C7-A131-D321AE37DE0D}.Release|Any CPU.ActiveCfg = Release|Any CPU
		{FD4CF648-3E71-43C7-A131-D321AE37DE0D}.Release|Any CPU.Build.0 = Release|Any CPU
		{FD4CF648-3E71-43C7-A131-D321AE37DE0D}.SingleImage|Any CPU.ActiveCfg = Release|Any CPU
		{FD4CF648-3E71-43C7-A131-D321AE37DE0D}.SingleImage|Any CPU.Build.0 = Release|Any CPU
		{82B03318-FD30-4622-BCE1-5C01E21EE3C5}.CD_ROM|Any CPU.ActiveCfg = Release
		{82B03318-FD30-4622-BCE1-5C01E21EE3C5}.CD_ROM|Any CPU.Build.0 = Release
		{82B03318-FD30-4622-BCE1-5C01E21EE3C5}.Debug|Any CPU.ActiveCfg = Debug
		{82B03318-FD30-4622-BCE1-5C01E21EE3C5}.DVD-5|Any CPU.ActiveCfg = Debug
		{82B03318-FD30-4622-BCE1-5C01E21EE3C5}.DVD-5|Any CPU.Build.0 = Debug
		{82B03318-FD30-4622-BCE1-5C01E21EE3C5}.Release|Any CPU.ActiveCfg = Release
		{82B03318-FD30-4622-BCE1-5C01E21EE3C5}.SingleImage|Any CPU.ActiveCfg = Release
		{82B03318-FD30-4622-BCE1-5C01E21EE3C5}.SingleImage|Any CPU.Build.0 = Release
		{E51DF972-F1BA-46BC-882D-219DE257D204}.CD_ROM|Any CPU.ActiveCfg = CD_ROM
		{E51DF972-F1BA-46BC-882D-219DE257D204}.CD_ROM|Any CPU.Build.0 = CD_ROM
		{E51DF972-F1BA-46BC-882D-219DE257D204}.Debug|Any CPU.ActiveCfg = DVD-5
		{E51DF972-F1BA-46BC-882D-219DE257D204}.Debug|Any CPU.Build.0 = DVD-5
		{E51DF972-F1BA-46BC-882D-219DE257D204}.DVD-5|Any CPU.ActiveCfg = DVD-5
		{E51DF972-F1BA-46BC-882D-219DE257D204}.DVD-5|Any CPU.Build.0 = DVD-5
		{E51DF972-F1BA-46BC-882D-219DE257D204}.Release|Any CPU.ActiveCfg = SingleImage
		{E51DF972-F1BA-46BC-882D-219DE257D204}.Release|Any CPU.Build.0 = SingleImage
		{E51DF972-F1BA-46BC-882D-219DE257D204}.SingleImage|Any CPU.ActiveCfg = SingleImage
		{E51DF972-F1BA-46BC-882D-219DE257D204}.SingleImage|Any CPU.Build.0 = SingleImage
	EndGlobalSection
	GlobalSection(SolutionProperties) = preSolution
		HideSolutionNode = FALSE
	EndGlobalSection
EndGlobal
